// !$*UTF8*$!
{
	archiveVersion = 1;
	classes = {
	};
	objectVersion = 46;
	objects = {

/* Begin PBXBuildFile section */
		3F1BCF4D1B38B0CF00C7468E /* AppDelegate.swift in Sources */ = {isa = PBXBuildFile; fileRef = 3F1BCF4C1B38B0CF00C7468E /* AppDelegate.swift */; };
		3F1BCF4F1B38B0CF00C7468E /* ViewController.swift in Sources */ = {isa = PBXBuildFile; fileRef = 3F1BCF4E1B38B0CF00C7468E /* ViewController.swift */; };
		3F1BCF521B38B0CF00C7468E /* Main.storyboard in Resources */ = {isa = PBXBuildFile; fileRef = 3F1BCF501B38B0CF00C7468E /* Main.storyboard */; };
		3F1BCF541B38B0CF00C7468E /* Images.xcassets in Resources */ = {isa = PBXBuildFile; fileRef = 3F1BCF531B38B0CF00C7468E /* Images.xcassets */; };
		3F1BCF571B38B0CF00C7468E /* LaunchScreen.xib in Resources */ = {isa = PBXBuildFile; fileRef = 3F1BCF551B38B0CF00C7468E /* LaunchScreen.xib */; };
		3F1BCF631B38B0CF00C7468E /* GitHub1stProjectTestTests.swift in Sources */ = {isa = PBXBuildFile; fileRef = 3F1BCF621B38B0CF00C7468E /* GitHub1stProjectTestTests.swift */; };
/* End PBXBuildFile section */

/* Begin PBXContainerItemProxy section */
		3F1BCF5D1B38B0CF00C7468E /* PBXContainerItemProxy */ = {
			isa = PBXContainerItemProxy;
			containerPortal = 3F1BCF3F1B38B0CF00C7468E /* Project object */;
			proxyType = 1;
			remoteGlobalIDString = 3F1BCF461B38B0CF00C7468E;
			remoteInfo = GitHub1stProjectTest;
		};
/* End PBXContainerItemProxy section */

/* Begin PBXFileReference section */
		3F1BCF471B38B0CF00C7468E /* GitHub1stProjectTest.app */ = {isa = PBXFileReference; explicitFileType = wrapper.application; includeInIndex = 0; path = GitHub1stProjectTest.app; sourceTree = BUILT_PRODUCTS_DIR; };
		3F1BCF4B1B38B0CF00C7468E /* Info.plist */ = {isa = PBXFileReference; lastKnownFileType = text.plist.xml; path = Info.plist; sourceTree = "<group>"; };
		3F1BCF4C1B38B0CF00C7468E /* AppDelegate.swift */ = {isa = PBXFileReference; lastKnownFileType = sourcecode.swift; path = AppDelegate.swift; sourceTree = "<group>"; };
		3F1BCF4E1B38B0CF00C7468E /* ViewController.swift */ = {isa = PBXFileReference; lastKnownFileType = sourcecode.swift; path = ViewController.swift; sourceTree = "<group>"; };
		3F1BCF511B38B0CF00C7468E /* Base */ = {isa = PBXFileReference; lastKnownFileType = file.storyboard; name = Base; path = Base.lproj/Main.storyboard; sourceTree = "<group>"; };
		3F1BCF531B38B0CF00C7468E /* Images.xcassets */ = {isa = PBXFileReference; lastKnownFileType = folder.assetcatalog; path = Images.xcassets; sourceTree = "<group>"; };
		3F1BCF561B38B0CF00C7468E /* Base */ = {isa = PBXFileReference; lastKnownFileType = file.xib; name = Base; path = Base.lproj/LaunchScreen.xib; sourceTree = "<group>"; };
		3F1BCF5C1B38B0CF00C7468E /* GitHub1stProjectTestTests.xctest */ = {isa = PBXFileReference; explicitFileType = wrapper.cfbundle; includeInIndex = 0; path = GitHub1stProjectTestTests.xctest; sourceTree = BUILT_PRODUCTS_DIR; };
		3F1BCF611B38B0CF00C7468E /* Info.plist */ = {isa = PBXFileReference; lastKnownFileType = text.plist.xml; path = Info.plist; sourceTree = "<group>"; };
		3F1BCF621B38B0CF00C7468E /* GitHub1stProjectTestTests.swift */ = {isa = PBXFileReference; lastKnownFileType = sourcecode.swift; path = GitHub1stProjectTestTests.swift; sourceTree = "<group>"; };
/* End PBXFileReference section */

/* Begin PBXFrameworksBuildPhase section */
		3F1BCF441B38B0CF00C7468E /* Frameworks */ = {
			isa = PBXFrameworksBuildPhase;
			buildActionMask = 2147483647;
			files = (
			);
			runOnlyForDeploymentPostprocessing = 0;
		};
		3F1BCF591B38B0CF00C7468E /* Frameworks */ = {
			isa = PBXFrameworksBuildPhase;
			buildActionMask = 2147483647;
			files = (
			);
			runOnlyForDeploymentPostprocessing = 0;
		};
/* End PBXFrameworksBuildPhase section */

/* Begin PBXGroup section */
		3F1BCF3E1B38B0CF00C7468E = {
			isa = PBXGroup;
			children = (
				3F1BCF491B38B0CF00C7468E /* GitHub1stProjectTest */,
				3F1BCF5F1B38B0CF00C7468E /* GitHub1stProjectTestTests */,
				3F1BCF481B38B0CF00C7468E /* Products */,
			);
			sourceTree = "<group>";
		};
		3F1BCF481B38B0CF00C7468E /* Products */ = {
			isa = PBXGroup;
			children = (
				3F1BCF471B38B0CF00C7468E /* GitHub1stProjectTest.app */,
				3F1BCF5C1B38B0CF00C7468E /* GitHub1stProjectTestTests.xctest */,
			);
			name = Products;
			sourceTree = "<group>";
		};
		3F1BCF491B38B0CF00C7468E /* GitHub1stProjectTest */ = {
			isa = PBXGroup;
			children = (
				3F1BCF4C1B38B0CF00C7468E /* AppDelegate.swift */,
				3F1BCF4E1B38B0CF00C7468E /* ViewController.swift */,
				3F1BCF501B38B0CF00C7468E /* Main.storyboard */,
				3F1BCF531B38B0CF00C7468E /* Images.xcassets */,
				3F1BCF551B38B0CF00C7468E /* LaunchScreen.xib */,
				3F1BCF4A1B38B0CF00C7468E /* Supporting Files */,
			);
			path = GitHub1stProjectTest;
			sourceTree = "<group>";
		};
		3F1BCF4A1B38B0CF00C7468E /* Supporting Files */ = {
			isa = PBXGroup;
			children = (
				3F1BCF4B1B38B0CF00C7468E /* Info.plist */,
			);
			name = "Supporting Files";
			sourceTree = "<group>";
		};
		3F1BCF5F1B38B0CF00C7468E /* GitHub1stProjectTestTests */ = {
			isa = PBXGroup;
			children = (
				3F1BCF621B38B0CF00C7468E /* GitHub1stProjectTestTests.swift */,
				3F1BCF601B38B0CF00C7468E /* Supporting Files */,
			);
			path = GitHub1stProjectTestTests;
			sourceTree = "<group>";
		};
		3F1BCF601B38B0CF00C7468E /* Supporting Files */ = {
			isa = PBXGroup;
			children = (
				3F1BCF611B38B0CF00C7468E /* Info.plist */,
			);
			name = "Supporting Files";
			sourceTree = "<group>";
		};
/* End PBXGroup section */

/* Begin PBXNativeTarget section */
		3F1BCF461B38B0CF00C7468E /* GitHub1stProjectTest */ = {
			isa = PBXNativeTarget;
			buildConfigurationList = 3F1BCF661B38B0CF00C7468E /* Build configuration list for PBXNativeTarget "GitHub1stProjectTest" */;
			buildPhases = (
				3F1BCF431B38B0CF00C7468E /* Sources */,
				3F1BCF441B38B0CF00C7468E /* Frameworks */,
				3F1BCF451B38B0CF00C7468E /* Resources */,
			);
			buildRules = (
			);
			dependencies = (
			);
			name = GitHub1stProjectTest;
			productName = GitHub1stProjectTest;
			productReference = 3F1BCF471B38B0CF00C7468E /* GitHub1stProjectTest.app */;
			productType = "com.apple.product-type.application";
		};
		3F1BCF5B1B38B0CF00C7468E /* GitHub1stProjectTestTests */ = {
			isa = PBXNativeTarget;
			buildConfigurationList = 3F1BCF691B38B0CF00C7468E /* Build configuration list for PBXNativeTarget "GitHub1stProjectTestTests" */;
			buildPhases = (
				3F1BCF581B38B0CF00C7468E /* Sources */,
				3F1BCF591B38B0CF00C7468E /* Frameworks */,
				3F1BCF5A1B38B0CF00C7468E /* Resources */,
			);
			buildRules = (
			);
			dependencies = (
				3F1BCF5E1B38B0CF00C7468E /* PBXTargetDependency */,
			);
			name = GitHub1stProjectTestTests;
			productName = GitHub1stProjectTestTests;
			productReference = 3F1BCF5C1B38B0CF00C7468E /* GitHub1stProjectTestTests.xctest */;
			productType = "com.apple.product-type.bundle.unit-test";
		};
/* End PBXNativeTarget section */

/* Begin PBXProject section */
		3F1BCF3F1B38B0CF00C7468E /* Project object */ = {
			isa = PBXProject;
			attributes = {
				LastUpgradeCheck = 0630;
				ORGANIZATIONNAME = "Andrew Lee";
				TargetAttributes = {
					3F1BCF461B38B0CF00C7468E = {
						CreatedOnToolsVersion = 6.3.2;
					};
					3F1BCF5B1B38B0CF00C7468E = {
						CreatedOnToolsVersion = 6.3.2;
						TestTargetID = 3F1BCF461B38B0CF00C7468E;
					};
				};
			};
			buildConfigurationList = 3F1BCF421B38B0CF00C7468E /* Build configuration list for PBXProject "GitHub1stProjectTest" */;
			compatibilityVersion = "Xcode 3.2";
			developmentRegion = English;
			hasScannedForEncodings = 0;
			knownRegions = (
				en,
				Base,
			);
			mainGroup = 3F1BCF3E1B38B0CF00C7468E;
			productRefGroup = 3F1BCF481B38B0CF00C7468E /* Products */;
			projectDirPath = "";
			projectRoot = "";
			targets = (
				3F1BCF461B38B0CF00C7468E /* GitHub1stProjectTest */,
				3F1BCF5B1B38B0CF00C7468E /* GitHub1stProjectTestTests */,
			);
		};
/* End PBXProject section */

/* Begin PBXResourcesBuildPhase section */
		3F1BCF451B38B0CF00C7468E /* Resources */ = {
			isa = PBXResourcesBuildPhase;
			buildActionMask = 2147483647;
			files = (
				3F1BCF521B38B0CF00C7468E /* Main.storyboard in Resources */,
				3F1BCF571B38B0CF00C7468E /* LaunchScreen.xib in Resources */,
				3F1BCF541B38B0CF00C7468E /* Images.xcassets in Resources */,
			);
			runOnlyForDeploymentPostprocessing = 0;
		};
		3F1BCF5A1B38B0CF00C7468E /* Resources */ = {
			isa = PBXResourcesBuildPhase;
			buildActionMask = 2147483647;
			files = (
			);
			runOnlyForDeploymentPostprocessing = 0;
		};
/* End PBXResourcesBuildPhase section */

/* Begin PBXSourcesBuildPhase section */
		3F1BCF431B38B0CF00C7468E /* Sources */ = {
			isa = PBXSourcesBuildPhase;
			buildActionMask = 2147483647;
			files = (
				3F1BCF4F1B38B0CF00C7468E /* ViewController.swift in Sources */,
				3F1BCF4D1B38B0CF00C7468E /* AppDelegate.swift in Sources */,
			);
			runOnlyForDeploymentPostprocessing = 0;
		};
		3F1BCF581B38B0CF00C7468E /* Sources */ = {
			isa = PBXSourcesBuildPhase;
			buildActionMask = 2147483647;
			files = (
				3F1BCF631B38B0CF00C7468E /* GitHub1stProjectTestTests.swift in Sources */,
			);
			runOnlyForDeploymentPostprocessing = 0;
		};
/* End PBXSourcesBuildPhase section */

/* Begin PBXTargetDependency section */
		3F1BCF5E1B38B0CF00C7468E /* PBXTargetDependency */ = {
			isa = PBXTargetDependency;
			target = 3F1BCF461B38B0CF00C7468E /* GitHub1stProjectTest */;
			targetProxy = 3F1BCF5D1B38B0CF00C7468E /* PBXContainerItemProxy */;
		};
/* End PBXTargetDependency section */

/* Begin PBXVariantGroup section */
		3F1BCF501B38B0CF00C7468E /* Main.storyboard */ = {
			isa = PBXVariantGroup;
			children = (
				3F1BCF511B38B0CF00C7468E /* Base */,
			);
			name = Main.storyboard;
			sourceTree = "<group>";
		};
		3F1BCF551B38B0CF00C7468E /* LaunchScreen.xib */ = {
			isa = PBXVariantGroup;
			children = (
				3F1BCF561B38B0CF00C7468E /* Base */,
			);
			name = LaunchScreen.xib;
			sourceTree = "<group>";
		};
/* End PBXVariantGroup section */

/* Begin XCBuildConfiguration section */
		3F1BCF641B38B0CF00C7468E /* Debug */ = {
			isa = XCBuildConfiguration;
			buildSettings = {
				ALWAYS_SEARCH_USER_PATHS = NO;
				CLANG_CXX_LANGUAGE_STANDARD = "gnu++0x";
				CLANG_CXX_LIBRARY = "libc++";
				CLANG_ENABLE_MODULES = YES;
				CLANG_ENABLE_OBJC_ARC = YES;
				CLANG_WARN_BOOL_CONVERSION = YES;
				CLANG_WARN_CONSTANT_CONVERSION = YES;
				CLANG_WARN_DIRECT_OBJC_ISA_USAGE = YES_ERROR;
				CLANG_WARN_EMPTY_BODY = YES;
				CLANG_WARN_ENUM_CONVERSION = YES;
				CLANG_WARN_INT_CONVERSION = YES;
				CLANG_WARN_OBJC_ROOT_CLASS = YES_ERROR;
				CLANG_WARN_UNREACHABLE_CODE = YES;
				CLANG_WARN__DUPLICATE_METHOD_MATCH = YES;
				"CODE_SIGN_IDENTITY[sdk=iphoneos*]" = "iPhone Developer";
				COPY_PHASE_STRIP = NO;
				DEBUG_INFORMATION_FORMAT = "dwarf-with-dsym";
				ENABLE_STRICT_OBJC_MSGSEND = YES;
				GCC_C_LANGUAGE_STANDARD = gnu99;
				GCC_DYNAMIC_NO_PIC = NO;
				GCC_NO_COMMON_BLOCKS = YES;
				GCC_OPTIMIZATION_LEVEL = 0;
				GCC_PREPROCESSOR_DEFINITIONS = (
					"DEBUG=1",
					"$(inherited)",
				);
				GCC_SYMBOLS_PRIVATE_EXTERN = NO;
				GCC_WARN_64_TO_32_BIT_CONVERSION = YES;
				GCC_WARN_ABOUT_RETURN_TYPE = YES_ERROR;
				GCC_WARN_UNDECLARED_SELECTOR = YES;
				GCC_WARN_UNINITIALIZED_AUTOS = YES_AGGRESSIVE;
				GCC_WARN_UNUSED_FUNCTION = YES;
				GCC_WARN_UNUSED_VARIABLE = YES;
				IPHONEOS_DEPLOYMENT_TARGET = 8.3;
				MTL_ENABLE_DEBUG_INFO = YES;
				ONLY_ACTIVE_ARCH = YES;
				SDKROOT = iphoneos;
				SWIFT_OPTIMIZATION_LEVEL = "-Onone";
			};
			name = Debug;
		};
		3F1BCF651B38B0CF00C7468E /* Release */ = {
			isa = XCBuildConfiguration;
			buildSettings = {
				ALWAYS_SEARCH_USER_PATHS = NO;
				CLANG_CXX_LANGUAGE_STANDARD = "gnu++0x";
				CLANG_CXX_LIBRARY = "libc++";
				CLANG_ENABLE_MODULES = YES;
				CLANG_ENABLE_OBJC_ARC = YES;
				CLANG_WARN_BOOL_CONVERSION = YES;
				CLANG_WARN_CONSTANT_CONVERSION = YES;
				CLANG_WARN_DIRECT_OBJC_ISA_USAGE = YES_ERROR;
				CLANG_WARN_EMPTY_BODY = YES;
				CLANG_WARN_ENUM_CONVERSION = YES;
				CLANG_WARN_INT_CONVERSION = YES;
				CLANG_WARN_OBJC_ROOT_CLASS = YES_ERROR;
				CLANG_WARN_UNREACHABLE_CODE = YES;
				CLANG_WARN__DUPLICATE_METHOD_MATCH = YES;
				"CODE_SIGN_IDENTITY[sdk=iphoneos*]" = "iPhone Developer";
				COPY_PHASE_STRIP = NO;
				DEBUG_INFORMATION_FORMAT = "dwarf-with-dsym";
				ENABLE_NS_ASSERTIONS = NO;
				ENABLE_STRICT_OBJC_MSGSEND = YES;
				GCC_C_LANGUAGE_STANDARD = gnu99;
				GCC_NO_COMMON_BLOCKS = YES;
				GCC_WARN_64_TO_32_BIT_CONVERSION = YES;
				GCC_WARN_ABOUT_RETURN_TYPE = YES_ERROR;
				GCC_WARN_UNDECLARED_SELECTOR = YES;
				GCC_WARN_UNINITIALIZED_AUTOS = YES_AGGRESSIVE;
				GCC_WARN_UNUSED_FUNCTION = YES;
				GCC_WARN_UNUSED_VARIABLE = YES;
				IPHONEOS_DEPLOYMENT_TARGET = 8.3;
				MTL_ENABLE_DEBUG_INFO = NO;
				SDKROOT = iphoneos;
				VALIDATE_PRODUCT = YES;
			};
			name = Release;
		};
		3F1BCF671B38B0CF00C7468E /* Debug */ = {
			isa = XCBuildConfiguration;
			buildSettings = {
				ASSETCATALOG_COMPILER_APPICON_NAME = AppIcon;
				INFOPLIST_FILE = GitHub1stProjectTest/Info.plist;
				LD_RUNPATH_SEARCH_PATHS = "$(inherited) @executable_path/Frameworks";
				PRODUCT_NAME = "$(TARGET_NAME)";
			};
			name = Debug;
		};
		3F1BCF681B38B0CF00C7468E /* Release */ = {
			isa = XCBuildConfiguration;
			buildSettings = {
				ASSETCATALOG_COMPILER_APPICON_NAME = AppIcon;
				INFOPLIST_FILE = GitHub1stProjectTest/Info.plist;
				LD_RUNPATH_SEARCH_PATHS = "$(inherited) @executable_path/Frameworks";
				PRODUCT_NAME = "$(TARGET_NAME)";
			};
			name = Release;
		};
		3F1BCF6A1B38B0CF00C7468E /* Debug */ = {
			isa = XCBuildConfiguration;
			buildSettings = {
				BUNDLE_LOADER = "$(TEST_HOST)";
				FRAMEWORK_SEARCH_PATHS = (
					"$(SDKROOT)/Developer/Library/Frameworks",
					"$(inherited)",
				);
				GCC_PREPROCESSOR_DEFINITIONS = (
					"DEBUG=1",
					"$(inherited)",
				);
				INFOPLIST_FILE = GitHub1stProjectTestTests/Info.plist;
				LD_RUNPATH_SEARCH_PATHS = "$(inherited) @executable_path/Frameworks @loader_path/Frameworks";
				PRODUCT_NAME = "$(TARGET_NAME)";
				TEST_HOST = "$(BUILT_PRODUCTS_DIR)/GitHub1stProjectTest.app/GitHub1stProjectTest";
			};
			name = Debug;
		};
		3F1BCF6B1B38B0CF00C7468E /* Release */ = {
			isa = XCBuildConfiguration;
			buildSettings = {
				BUNDLE_LOADER = "$(TEST_HOST)";
				FRAMEWORK_SEARCH_PATHS = (
					"$(SDKROOT)/Developer/Library/Frameworks",
					"$(inherited)",
				);
				INFOPLIST_FILE = GitHub1stProjectTestTests/Info.plist;
				LD_RUNPATH_SEARCH_PATHS = "$(inherited) @executable_path/Frameworks @loader_path/Frameworks";
				PRODUCT_NAME = "$(TARGET_NAME)";
				TEST_HOST = "$(BUILT_PRODUCTS_DIR)/GitHub1stProjectTest.app/GitHub1stProjectTest";
			};
			name = Release;
		};
/* End XCBuildConfiguration section */

/* Begin XCConfigurationList section */
		3F1BCF421B38B0CF00C7468E /* Build configuration list for PBXProject "GitHub1stProjectTest" */ = {
			isa = XCConfigurationList;
			buildConfigurations = (
				3F1BCF641B38B0CF00C7468E /* Debug */,
				3F1BCF651B38B0CF00C7468E /* Release */,
			);
			defaultConfigurationIsVisible = 0;
			defaultConfigurationName = Release;
		};
		3F1BCF661B38B0CF00C7468E /* Build configuration list for PBXNativeTarget "GitHub1stProjectTest" */ = {
			isa = XCConfigurationList;
			buildConfigurations = (
				3F1BCF671B38B0CF00C7468E /* Debug */,
				3F1BCF681B38B0CF00C7468E /* Release */,
			);
			defaultConfigurationIsVisible = 0;
		};
		3F1BCF691B38B0CF00C7468E /* Build configuration list for PBXNativeTarget "GitHub1stProjectTestTests" */ = {
			isa = XCConfigurationList;
			buildConfigurations = (
				3F1BCF6A1B38B0CF00C7468E /* Debug */,
				3F1BCF6B1B38B0CF00C7468E /* Release */,
			);
			defaultConfigurationIsVisible = 0;
		};
/* End XCConfigurationList section */
	};
	rootObject = 3F1BCF3F1B38B0CF00C7468E /* Project object */;
}
